// !$*UTF8*$!
{
	archiveVersion = 1;
	classes = {
	};
	objectVersion = 50;
	objects = {

/* Begin PBXBuildFile section */
		3DF694E026E1913500F1193A /* AppDelegate.swift in Sources */ = {isa = PBXBuildFile; fileRef = 3DF694DF26E1913500F1193A /* AppDelegate.swift */; };
		3DF694E226E1913500F1193A /* ViewController.swift in Sources */ = {isa = PBXBuildFile; fileRef = 3DF694E126E1913500F1193A /* ViewController.swift */; };
		3DF694E526E1913500F1193A /* Main.storyboard in Resources */ = {isa = PBXBuildFile; fileRef = 3DF694E326E1913500F1193A /* Main.storyboard */; };
		3DF694E726E1914000F1193A /* Assets.xcassets in Resources */ = {isa = PBXBuildFile; fileRef = 3DF694E626E1914000F1193A /* Assets.xcassets */; };
		3DF694EA26E1914000F1193A /* LaunchScreen.storyboard in Resources */ = {isa = PBXBuildFile; fileRef = 3DF694E826E1914000F1193A /* LaunchScreen.storyboard */; };
		3DF694F526E1914000F1193A /* practicaRecursosTests.swift in Sources */ = {isa = PBXBuildFile; fileRef = 3DF694F426E1914000F1193A /* practicaRecursosTests.swift */; };
		3DF6950026E1914000F1193A /* practicaRecursosUITests.swift in Sources */ = {isa = PBXBuildFile; fileRef = 3DF694FF26E1914000F1193A /* practicaRecursosUITests.swift */; };
		3DF6950E26E1A1C700F1193A /* BebasNeue-Regular.ttf in Resources */ = {isa = PBXBuildFile; fileRef = 3DF6950D26E1A1C700F1193A /* BebasNeue-Regular.ttf */; };
/* End PBXBuildFile section */

/* Begin PBXContainerItemProxy section */
		3DF694F126E1914000F1193A /* PBXContainerItemProxy */ = {
			isa = PBXContainerItemProxy;
			containerPortal = 3DF694D426E1913500F1193A /* Project object */;
			proxyType = 1;
			remoteGlobalIDString = 3DF694DB26E1913500F1193A;
			remoteInfo = practicaRecursos;
		};
		3DF694FC26E1914000F1193A /* PBXContainerItemProxy */ = {
			isa = PBXContainerItemProxy;
			containerPortal = 3DF694D426E1913500F1193A /* Project object */;
			proxyType = 1;
			remoteGlobalIDString = 3DF694DB26E1913500F1193A;
			remoteInfo = practicaRecursos;
		};
/* End PBXContainerItemProxy section */

/* Begin PBXFileReference section */
		3DF694DC26E1913500F1193A /* practicaRecursos.app */ = {isa = PBXFileReference; explicitFileType = wrapper.application; includeInIndex = 0; path = practicaRecursos.app; sourceTree = BUILT_PRODUCTS_DIR; };
		3DF694DF26E1913500F1193A /* AppDelegate.swift */ = {isa = PBXFileReference; lastKnownFileType = sourcecode.swift; path = AppDelegate.swift; sourceTree = "<group>"; };
		3DF694E126E1913500F1193A /* ViewController.swift */ = {isa = PBXFileReference; lastKnownFileType = sourcecode.swift; path = ViewController.swift; sourceTree = "<group>"; };
		3DF694E426E1913500F1193A /* Base */ = {isa = PBXFileReference; lastKnownFileType = file.storyboard; name = Base; path = Base.lproj/Main.storyboard; sourceTree = "<group>"; };
		3DF694E626E1914000F1193A /* Assets.xcassets */ = {isa = PBXFileReference; lastKnownFileType = folder.assetcatalog; path = Assets.xcassets; sourceTree = "<group>"; };
		3DF694E926E1914000F1193A /* Base */ = {isa = PBXFileReference; lastKnownFileType = file.storyboard; name = Base; path = Base.lproj/LaunchScreen.storyboard; sourceTree = "<group>"; };
		3DF694EB26E1914000F1193A /* Info.plist */ = {isa = PBXFileReference; lastKnownFileType = text.plist.xml; path = Info.plist; sourceTree = "<group>"; };
		3DF694F026E1914000F1193A /* practicaRecursosTests.xctest */ = {isa = PBXFileReference; explicitFileType = wrapper.cfbundle; includeInIndex = 0; path = practicaRecursosTests.xctest; sourceTree = BUILT_PRODUCTS_DIR; };
		3DF694F426E1914000F1193A /* practicaRecursosTests.swift */ = {isa = PBXFileReference; lastKnownFileType = sourcecode.swift; path = practicaRecursosTests.swift; sourceTree = "<group>"; };
		3DF694F626E1914000F1193A /* Info.plist */ = {isa = PBXFileReference; lastKnownFileType = text.plist.xml; path = Info.plist; sourceTree = "<group>"; };
		3DF694FB26E1914000F1193A /* practicaRecursosUITests.xctest */ = {isa = PBXFileReference; explicitFileType = wrapper.cfbundle; includeInIndex = 0; path = practicaRecursosUITests.xctest; sourceTree = BUILT_PRODUCTS_DIR; };
		3DF694FF26E1914000F1193A /* practicaRecursosUITests.swift */ = {isa = PBXFileReference; lastKnownFileType = sourcecode.swift; path = practicaRecursosUITests.swift; sourceTree = "<group>"; };
		3DF6950126E1914000F1193A /* Info.plist */ = {isa = PBXFileReference; lastKnownFileType = text.plist.xml; path = Info.plist; sourceTree = "<group>"; };
		3DF6950D26E1A1C700F1193A /* BebasNeue-Regular.ttf */ = {isa = PBXFileReference; lastKnownFileType = file; path = "BebasNeue-Regular.ttf"; sourceTree = "<group>"; };
/* End PBXFileReference section */

/* Begin PBXFrameworksBuildPhase section */
		3DF694D926E1913500F1193A /* Frameworks */ = {
			isa = PBXFrameworksBuildPhase;
			buildActionMask = 2147483647;
			files = (
			);
			runOnlyForDeploymentPostprocessing = 0;
		};
		3DF694ED26E1914000F1193A /* Frameworks */ = {
			isa = PBXFrameworksBuildPhase;
			buildActionMask = 2147483647;
			files = (
			);
			runOnlyForDeploymentPostprocessing = 0;
		};
		3DF694F826E1914000F1193A /* Frameworks */ = {
			isa = PBXFrameworksBuildPhase;
			buildActionMask = 2147483647;
			files = (
			);
			runOnlyForDeploymentPostprocessing = 0;
		};
/* End PBXFrameworksBuildPhase section */

/* Begin PBXGroup section */
		3DF694D326E1913500F1193A = {
			isa = PBXGroup;
			children = (
				3DF694DE26E1913500F1193A /* practicaRecursos */,
				3DF694F326E1914000F1193A /* practicaRecursosTests */,
				3DF694FE26E1914000F1193A /* practicaRecursosUITests */,
				3DF694DD26E1913500F1193A /* Products */,
			);
			sourceTree = "<group>";
		};
		3DF694DD26E1913500F1193A /* Products */ = {
			isa = PBXGroup;
			children = (
				3DF694DC26E1913500F1193A /* practicaRecursos.app */,
				3DF694F026E1914000F1193A /* practicaRecursosTests.xctest */,
				3DF694FB26E1914000F1193A /* practicaRecursosUITests.xctest */,
			);
			name = Products;
			sourceTree = "<group>";
		};
		3DF694DE26E1913500F1193A /* practicaRecursos */ = {
			isa = PBXGroup;
			children = (
				3DF694DF26E1913500F1193A /* AppDelegate.swift */,
				3DF694E126E1913500F1193A /* ViewController.swift */,
				3DF694E326E1913500F1193A /* Main.storyboard */,
				3DF694E626E1914000F1193A /* Assets.xcassets */,
				3DF694E826E1914000F1193A /* LaunchScreen.storyboard */,
				3DF694EB26E1914000F1193A /* Info.plist */,
				3DF6950D26E1A1C700F1193A /* BebasNeue-Regular.ttf */,
			);
			path = practicaRecursos;
			sourceTree = "<group>";
		};
		3DF694F326E1914000F1193A /* practicaRecursosTests */ = {
			isa = PBXGroup;
			children = (
				3DF694F426E1914000F1193A /* practicaRecursosTests.swift */,
				3DF694F626E1914000F1193A /* Info.plist */,
			);
			path = practicaRecursosTests;
			sourceTree = "<group>";
		};
		3DF694FE26E1914000F1193A /* practicaRecursosUITests */ = {
			isa = PBXGroup;
			children = (
				3DF694FF26E1914000F1193A /* practicaRecursosUITests.swift */,
				3DF6950126E1914000F1193A /* Info.plist */,
			);
			path = practicaRecursosUITests;
			sourceTree = "<group>";
		};
/* End PBXGroup section */

/* Begin PBXNativeTarget section */
		3DF694DB26E1913500F1193A /* practicaRecursos */ = {
			isa = PBXNativeTarget;
			buildConfigurationList = 3DF6950426E1914000F1193A /* Build configuration list for PBXNativeTarget "practicaRecursos" */;
			buildPhases = (
				3DF694D826E1913500F1193A /* Sources */,
				3DF694D926E1913500F1193A /* Frameworks */,
				3DF694DA26E1913500F1193A /* Resources */,
			);
			buildRules = (
			);
			dependencies = (
			);
			name = practicaRecursos;
			productName = practicaRecursos;
			productReference = 3DF694DC26E1913500F1193A /* practicaRecursos.app */;
			productType = "com.apple.product-type.application";
		};
		3DF694EF26E1914000F1193A /* practicaRecursosTests */ = {
			isa = PBXNativeTarget;
			buildConfigurationList = 3DF6950726E1914000F1193A /* Build configuration list for PBXNativeTarget "practicaRecursosTests" */;
			buildPhases = (
				3DF694EC26E1914000F1193A /* Sources */,
				3DF694ED26E1914000F1193A /* Frameworks */,
				3DF694EE26E1914000F1193A /* Resources */,
			);
			buildRules = (
			);
			dependencies = (
				3DF694F226E1914000F1193A /* PBXTargetDependency */,
			);
			name = practicaRecursosTests;
			productName = practicaRecursosTests;
			productReference = 3DF694F026E1914000F1193A /* practicaRecursosTests.xctest */;
			productType = "com.apple.product-type.bundle.unit-test";
		};
		3DF694FA26E1914000F1193A /* practicaRecursosUITests */ = {
			isa = PBXNativeTarget;
			buildConfigurationList = 3DF6950A26E1914000F1193A /* Build configuration list for PBXNativeTarget "practicaRecursosUITests" */;
			buildPhases = (
				3DF694F726E1914000F1193A /* Sources */,
				3DF694F826E1914000F1193A /* Frameworks */,
				3DF694F926E1914000F1193A /* Resources */,
			);
			buildRules = (
			);
			dependencies = (
				3DF694FD26E1914000F1193A /* PBXTargetDependency */,
			);
			name = practicaRecursosUITests;
			productName = practicaRecursosUITests;
			productReference = 3DF694FB26E1914000F1193A /* practicaRecursosUITests.xctest */;
			productType = "com.apple.product-type.bundle.ui-testing";
		};
/* End PBXNativeTarget section */

/* Begin PBXProject section */
		3DF694D426E1913500F1193A /* Project object */ = {
			isa = PBXProject;
			attributes = {
				LastSwiftUpdateCheck = 1030;
				LastUpgradeCheck = 1030;
				ORGANIZATIONNAME = Alumno;
				TargetAttributes = {
					3DF694DB26E1913500F1193A = {
						CreatedOnToolsVersion = 10.3;
					};
					3DF694EF26E1914000F1193A = {
						CreatedOnToolsVersion = 10.3;
						TestTargetID = 3DF694DB26E1913500F1193A;
					};
					3DF694FA26E1914000F1193A = {
						CreatedOnToolsVersion = 10.3;
						TestTargetID = 3DF694DB26E1913500F1193A;
					};
				};
			};
			buildConfigurationList = 3DF694D726E1913500F1193A /* Build configuration list for PBXProject "practicaRecursos" */;
			compatibilityVersion = "Xcode 9.3";
			developmentRegion = en;
			hasScannedForEncodings = 0;
			knownRegions = (
				en,
				Base,
			);
			mainGroup = 3DF694D326E1913500F1193A;
			productRefGroup = 3DF694DD26E1913500F1193A /* Products */;
			projectDirPath = "";
			projectRoot = "";
			targets = (
				3DF694DB26E1913500F1193A /* practicaRecursos */,
				3DF694EF26E1914000F1193A /* practicaRecursosTests */,
				3DF694FA26E1914000F1193A /* practicaRecursosUITests */,
			);
		};
/* End PBXProject section */

/* Begin PBXResourcesBuildPhase section */
		3DF694DA26E1913500F1193A /* Resources */ = {
			isa = PBXResourcesBuildPhase;
			buildActionMask = 2147483647;
			files = (
				3DF694EA26E1914000F1193A /* LaunchScreen.storyboard in Resources */,
				3DF694E726E1914000F1193A /* Assets.xcassets in Resources */,
				3DF6950E26E1A1C700F1193A /* BebasNeue-Regular.ttf in Resources */,
				3DF694E526E1913500F1193A /* Main.storyboard in Resources */,
			);
			runOnlyForDeploymentPostprocessing = 0;
		};
		3DF694EE26E1914000F1193A /* Resources */ = {
			isa = PBXResourcesBuildPhase;
			buildActionMask = 2147483647;
			files = (
			);
			runOnlyForDeploymentPostprocessing = 0;
		};
		3DF694F926E1914000F1193A /* Resources */ = {
			isa = PBXResourcesBuildPhase;
			buildActionMask = 2147483647;
			files = (
			);
			runOnlyForDeploymentPostprocessing = 0;
		};
/* End PBXResourcesBuildPhase section */

/* Begin PBXSourcesBuildPhase section */
		3DF694D826E1913500F1193A /* Sources */ = {
			isa = PBXSourcesBuildPhase;
			buildActionMask = 2147483647;
			files = (
				3DF694E226E1913500F1193A /* ViewController.swift in Sources */,
				3DF694E026E1913500F1193A /* AppDelegate.swift in Sources */,
			);
			runOnlyForDeploymentPostprocessing = 0;
		};
		3DF694EC26E1914000F1193A /* Sources */ = {
			isa = PBXSourcesBuildPhase;
			buildActionMask = 2147483647;
			files = (
				3DF694F526E1914000F1193A /* practicaRecursosTests.swift in Sources */,
			);
			runOnlyForDeploymentPostprocessing = 0;
		};
		3DF694F726E1914000F1193A /* Sources */ = {
			isa = PBXSourcesBuildPhase;
			buildActionMask = 2147483647;
			files = (
				3DF6950026E1914000F1193A /* practicaRecursosUITests.swift in Sources */,
			);
			runOnlyForDeploymentPostprocessing = 0;
		};
/* End PBXSourcesBuildPhase section */

/* Begin PBXTargetDependency section */
		3DF694F226E1914000F1193A /* PBXTargetDependency */ = {
			isa = PBXTargetDependency;
			target = 3DF694DB26E1913500F1193A /* practicaRecursos */;
			targetProxy = 3DF694F126E1914000F1193A /* PBXContainerItemProxy */;
		};
		3DF694FD26E1914000F1193A /* PBXTargetDependency */ = {
			isa = PBXTargetDependency;
			target = 3DF694DB26E1913500F1193A /* practicaRecursos */;
			targetProxy = 3DF694FC26E1914000F1193A /* PBXContainerItemProxy */;
		};
/* End PBXTargetDependency section */

/* Begin PBXVariantGroup section */
		3DF694E326E1913500F1193A /* Main.storyboard */ = {
			isa = PBXVariantGroup;
			children = (
				3DF694E426E1913500F1193A /* Base */,
			);
			name = Main.storyboard;
			sourceTree = "<group>";
		};
		3DF694E826E1914000F1193A /* LaunchScreen.storyboard */ = {
			isa = PBXVariantGroup;
			children = (
				3DF694E926E1914000F1193A /* Base */,
			);
			name = LaunchScreen.storyboard;
			sourceTree = "<group>";
		};
/* End PBXVariantGroup section */

/* Begin XCBuildConfiguration section */
		3DF6950226E1914000F1193A /* Debug */ = {
			isa = XCBuildConfiguration;
			buildSettings = {
				ALWAYS_SEARCH_USER_PATHS = NO;
				CLANG_ANALYZER_NONNULL = YES;
				CLANG_ANALYZER_NUMBER_OBJECT_CONVERSION = YES_AGGRESSIVE;
				CLANG_CXX_LANGUAGE_STANDARD = "gnu++14";
				CLANG_CXX_LIBRARY = "libc++";
				CLANG_ENABLE_MODULES = YES;
				CLANG_ENABLE_OBJC_ARC = YES;
				CLANG_ENABLE_OBJC_WEAK = YES;
				CLANG_WARN_BLOCK_CAPTURE_AUTORELEASING = YES;
				CLANG_WARN_BOOL_CONVERSION = YES;
				CLANG_WARN_COMMA = YES;
				CLANG_WARN_CONSTANT_CONVERSION = YES;
				CLANG_WARN_DEPRECATED_OBJC_IMPLEMENTATIONS = YES;
				CLANG_WARN_DIRECT_OBJC_ISA_USAGE = YES_ERROR;
				CLANG_WARN_DOCUMENTATION_COMMENTS = YES;
				CLANG_WARN_EMPTY_BODY = YES;
				CLANG_WARN_ENUM_CONVERSION = YES;
				CLANG_WARN_INFINITE_RECURSION = YES;
				CLANG_WARN_INT_CONVERSION = YES;
				CLANG_WARN_NON_LITERAL_NULL_CONVERSION = YES;
				CLANG_WARN_OBJC_IMPLICIT_RETAIN_SELF = YES;
				CLANG_WARN_OBJC_LITERAL_CONVERSION = YES;
				CLANG_WARN_OBJC_ROOT_CLASS = YES_ERROR;
				CLANG_WARN_RANGE_LOOP_ANALYSIS = YES;
				CLANG_WARN_STRICT_PROTOTYPES = YES;
				CLANG_WARN_SUSPICIOUS_MOVE = YES;
				CLANG_WARN_UNGUARDED_AVAILABILITY = YES_AGGRESSIVE;
				CLANG_WARN_UNREACHABLE_CODE = YES;
				CLANG_WARN__DUPLICATE_METHOD_MATCH = YES;
				CODE_SIGN_IDENTITY = "iPhone Developer";
				COPY_PHASE_STRIP = NO;
				DEBUG_INFORMATION_FORMAT = dwarf;
				ENABLE_STRICT_OBJC_MSGSEND = YES;
				ENABLE_TESTABILITY = YES;
				GCC_C_LANGUAGE_STANDARD = gnu11;
				GCC_DYNAMIC_NO_PIC = NO;
				GCC_NO_COMMON_BLOCKS = YES;
				GCC_OPTIMIZATION_LEVEL = 0;
				GCC_PREPROCESSOR_DEFINITIONS = (
					"DEBUG=1",
					"$(inherited)",
				);
				GCC_WARN_64_TO_32_BIT_CONVERSION = YES;
				GCC_WARN_ABOUT_RETURN_TYPE = YES_ERROR;
				GCC_WARN_UNDECLARED_SELECTOR = YES;
				GCC_WARN_UNINITIALIZED_AUTOS = YES_AGGRESSIVE;
				GCC_WARN_UNUSED_FUNCTION = YES;
				GCC_WARN_UNUSED_VARIABLE = YES;
				IPHONEOS_DEPLOYMENT_TARGET = 12.4;
				MTL_ENABLE_DEBUG_INFO = INCLUDE_SOURCE;
				MTL_FAST_MATH = YES;
				ONLY_ACTIVE_ARCH = YES;
				SDKROOT = iphoneos;
				SWIFT_ACTIVE_COMPILATION_CONDITIONS = DEBUG;
				SWIFT_OPTIMIZATION_LEVEL = "-Onone";
			};
			name = Debug;
		};
		3DF6950326E1914000F1193A /* Release */ = {
			isa = XCBuildConfiguration;
			buildSettings = {
				ALWAYS_SEARCH_USER_PATHS = NO;
				CLANG_ANALYZER_NONNULL = YES;
				CLANG_ANALYZER_NUMBER_OBJECT_CONVERSION = YES_AGGRESSIVE;
				CLANG_CXX_LANGUAGE_STANDARD = "gnu++14";
				CLANG_CXX_LIBRARY = "libc++";
				CLANG_ENABLE_MODULES = YES;
				CLANG_ENABLE_OBJC_ARC = YES;
				CLANG_ENABLE_OBJC_WEAK = YES;
				CLANG_WARN_BLOCK_CAPTURE_AUTORELEASING = YES;
				CLANG_WARN_BOOL_CONVERSION = YES;
				CLANG_WARN_COMMA = YES;
				CLANG_WARN_CONSTANT_CONVERSION = YES;
				CLANG_WARN_DEPRECATED_OBJC_IMPLEMENTATIONS = YES;
				CLANG_WARN_DIRECT_OBJC_ISA_USAGE = YES_ERROR;
				CLANG_WARN_DOCUMENTATION_COMMENTS = YES;
				CLANG_WARN_EMPTY_BODY = YES;
				CLANG_WARN_ENUM_CONVERSION = YES;
				CLANG_WARN_INFINITE_RECURSION = YES;
				CLANG_WARN_INT_CONVERSION = YES;
				CLANG_WARN_NON_LITERAL_NULL_CONVERSION = YES;
				CLANG_WARN_OBJC_IMPLICIT_RETAIN_SELF = YES;
				CLANG_WARN_OBJC_LITERAL_CONVERSION = YES;
				CLANG_WARN_OBJC_ROOT_CLASS = YES_ERROR;
				CLANG_WARN_RANGE_LOOP_ANALYSIS = YES;
				CLANG_WARN_STRICT_PROTOTYPES = YES;
				CLANG_WARN_SUSPICIOUS_MOVE = YES;
				CLANG_WARN_UNGUARDED_AVAILABILITY = YES_AGGRESSIVE;
				CLANG_WARN_UNREACHABLE_CODE = YES;
				CLANG_WARN__DUPLICATE_METHOD_MATCH = YES;
				CODE_SIGN_IDENTITY = "iPhone Developer";
				COPY_PHASE_STRIP = NO;
				DEBUG_INFORMATION_FORMAT = "dwarf-with-dsym";
				ENABLE_NS_ASSERTIONS = NO;
				ENABLE_STRICT_OBJC_MSGSEND = YES;
				GCC_C_LANGUAGE_STANDARD = gnu11;
				GCC_NO_COMMON_BLOCKS = YES;
				GCC_WARN_64_TO_32_BIT_CONVERSION = YES;
				GCC_WARN_ABOUT_RETURN_TYPE = YES_ERROR;
				GCC_WARN_UNDECLARED_SELECTOR = YES;
				GCC_WARN_UNINITIALIZED_AUTOS = YES_AGGRESSIVE;
				GCC_WARN_UNUSED_FUNCTION = YES;
				GCC_WARN_UNUSED_VARIABLE = YES;
				IPHONEOS_DEPLOYMENT_TARGET = 12.4;
				MTL_ENABLE_DEBUG_INFO = NO;
				MTL_FAST_MATH = YES;
				SDKROOT = iphoneos;
				SWIFT_COMPILATION_MODE = wholemodule;
				SWIFT_OPTIMIZATION_LEVEL = "-O";
				VALIDATE_PRODUCT = YES;
			};
			name = Release;
		};
		3DF6950526E1914000F1193A /* Debug */ = {
			isa = XCBuildConfiguration;
			buildSettings = {
				ASSETCATALOG_COMPILER_APPICON_NAME = AppIcon;
				CODE_SIGN_STYLE = Automatic;
				INFOPLIST_FILE = practicaRecursos/Info.plist;
				LD_RUNPATH_SEARCH_PATHS = (
					"$(inherited)",
					"@executable_path/Frameworks",
				);
				PRODUCT_BUNDLE_IDENTIFIER = edu.ulsa.practicaRecursos;
				PRODUCT_NAME = "$(TARGET_NAME)";
				SWIFT_VERSION = 5.0;
				TARGETED_DEVICE_FAMILY = "1,2";
			};
			name = Debug;
		};
		3DF6950626E1914000F1193A /* Release */ = {
			isa = XCBuildConfiguration;
			buildSettings = {
				ASSETCATALOG_COMPILER_APPICON_NAME = AppIcon;
				CODE_SIGN_STYLE = Automatic;
				INFOPLIST_FILE = practicaRecursos/Info.plist;
				LD_RUNPATH_SEARCH_PATHS = (
					"$(inherited)",
					"@executable_path/Frameworks",
				);
				PRODUCT_BUNDLE_IDENTIFIER = edu.ulsa.practicaRecursos;
				PRODUCT_NAME = "$(TARGET_NAME)";
				SWIFT_VERSION = 5.0;
				TARGETED_DEVICE_FAMILY = "1,2";
			};
			name = Release;
		};
		3DF6950826E1914000F1193A /* Debug */ = {
			isa = XCBuildConfiguration;
			buildSettings = {
				ALWAYS_EMBED_SWIFT_STANDARD_LIBRARIES = YES;
				BUNDLE_LOADER = "$(TEST_HOST)";
				CODE_SIGN_STYLE = Automatic;
				INFOPLIST_FILE = practicaRecursosTests/Info.plist;
				LD_RUNPATH_SEARCH_PATHS = (
					"$(inherited)",
					"@executable_path/Frameworks",
					"@loader_path/Frameworks",
				);
				PRODUCT_BUNDLE_IDENTIFIER = edu.ulsa.practicaRecursosTests;
				PRODUCT_NAME = "$(TARGET_NAME)";
				SWIFT_VERSION = 5.0;
				TARGETED_DEVICE_FAMILY = "1,2";
				TEST_HOST = "$(BUILT_PRODUCTS_DIR)/practicaRecursos.app/practicaRecursos";
			};
			name = Debug;
		};
		3DF6950926E1914000F1193A /* Release */ = {
			isa = XCBuildConfiguration;
			buildSettings = {
				ALWAYS_EMBED_SWIFT_STANDARD_LIBRARIES = YES;
				BUNDLE_LOADER = "$(TEST_HOST)";
				CODE_SIGN_STYLE = Automatic;
				INFOPLIST_FILE = practicaRecursosTests/Info.plist;
				LD_RUNPATH_SEARCH_PATHS = (
					"$(inherited)",
					"@executable_path/Frameworks",
					"@loader_path/Frameworks",
				);
				PRODUCT_BUNDLE_IDENTIFIER = edu.ulsa.practicaRecursosTests;
				PRODUCT_NAME = "$(TARGET_NAME)";
				SWIFT_VERSION = 5.0;
				TARGETED_DEVICE_FAMILY = "1,2";
				TEST_HOST = "$(BUILT_PRODUCTS_DIR)/practicaRecursos.app/practicaRecursos";
			};
			name = Release;
		};
		3DF6950B26E1914000F1193A /* Debug */ = {
			isa = XCBuildConfiguration;
			buildSettings = {
				ALWAYS_EMBED_SWIFT_STANDARD_LIBRARIES = YES;
				CODE_SIGN_STYLE = Automatic;
				INFOPLIST_FILE = practicaRecursosUITests/Info.plist;
				LD_RUNPATH_SEARCH_PATHS = (
					"$(inherited)",
					"@executable_path/Frameworks",
					"@loader_path/Frameworks",
				);
				PRODUCT_BUNDLE_IDENTIFIER = edu.ulsa.practicaRecursosUITests;
				PRODUCT_NAME = "$(TARGET_NAME)";
				SWIFT_VERSION = 5.0;
				TARGETED_DEVICE_FAMILY = "1,2";
				TEST_TARGET_NAME = practicaRecursos;
			};
			name = Debug;
		};
		3DF6950C26E1914000F1193A /* Release */ = {
			isa = XCBuildConfiguration;
			buildSettings = {
				ALWAYS_EMBED_SWIFT_STANDARD_LIBRARIES = YES;
				CODE_SIGN_STYLE = Automatic;
				INFOPLIST_FILE = practicaRecursosUITests/Info.plist;
				LD_RUNPATH_SEARCH_PATHS = (
					"$(inherited)",
					"@executable_path/Frameworks",
					"@loader_path/Frameworks",
				);
				PRODUCT_BUNDLE_IDENTIFIER = edu.ulsa.practicaRecursosUITests;
				PRODUCT_NAME = "$(TARGET_NAME)";
				SWIFT_VERSION = 5.0;
				TARGETED_DEVICE_FAMILY = "1,2";
				TEST_TARGET_NAME = practicaRecursos;
			};
			name = Release;
		};
/* End XCBuildConfiguration section */

/* Begin XCConfigurationList section */
		3DF694D726E1913500F1193A /* Build configuration list for PBXProject "practicaRecursos" */ = {
			isa = XCConfigurationList;
			buildConfigurations = (
				3DF6950226E1914000F1193A /* Debug */,
				3DF6950326E1914000F1193A /* Release */,
			);
			defaultConfigurationIsVisible = 0;
			defaultConfigurationName = Release;
		};
		3DF6950426E1914000F1193A /* Build configuration list for PBXNativeTarget "practicaRecursos" */ = {
			isa = XCConfigurationList;
			buildConfigurations = (
				3DF6950526E1914000F1193A /* Debug */,
				3DF6950626E1914000F1193A /* Release */,
			);
			defaultConfigurationIsVisible = 0;
			defaultConfigurationName = Release;
		};
		3DF6950726E1914000F1193A /* Build configuration list for PBXNativeTarget "practicaRecursosTests" */ = {
			isa = XCConfigurationList;
			buildConfigurations = (
				3DF6950826E1914000F1193A /* Debug */,
				3DF6950926E1914000F1193A /* Release */,
			);
			defaultConfigurationIsVisible = 0;
			defaultConfigurationName = Release;
		};
		3DF6950A26E1914000F1193A /* Build configuration list for PBXNativeTarget "practicaRecursosUITests" */ = {
			isa = XCConfigurationList;
			buildConfigurations = (
				3DF6950B26E1914000F1193A /* Debug */,
				3DF6950C26E1914000F1193A /* Release */,
			);
			defaultConfigurationIsVisible = 0;
			defaultConfigurationName = Release;
		};
/* End XCConfigurationList section */
	};
	rootObject = 3DF694D426E1913500F1193A /* Project object */;
}
