// !$*UTF8*$!
{
	archiveVersion = 1;
	classes = {
	};
	objectVersion = 50;
	objects = {

/* Begin PBXBuildFile section */
		3D54043F26EACC4D008EF665 /* AppDelegate.swift in Sources */ = {isa = PBXBuildFile; fileRef = 3D54043E26EACC4D008EF665 /* AppDelegate.swift */; };
		3D54044126EACC4D008EF665 /* ViewController.swift in Sources */ = {isa = PBXBuildFile; fileRef = 3D54044026EACC4D008EF665 /* ViewController.swift */; };
		3D54044426EACC4D008EF665 /* Main.storyboard in Resources */ = {isa = PBXBuildFile; fileRef = 3D54044226EACC4D008EF665 /* Main.storyboard */; };
		3D54044626EACC4F008EF665 /* Assets.xcassets in Resources */ = {isa = PBXBuildFile; fileRef = 3D54044526EACC4F008EF665 /* Assets.xcassets */; };
		3D54044926EACC4F008EF665 /* LaunchScreen.storyboard in Resources */ = {isa = PBXBuildFile; fileRef = 3D54044726EACC4F008EF665 /* LaunchScreen.storyboard */; };
		3D54045426EACC4F008EF665 /* practia09092021Tests.swift in Sources */ = {isa = PBXBuildFile; fileRef = 3D54045326EACC4F008EF665 /* practia09092021Tests.swift */; };
		3D54045F26EACC4F008EF665 /* practia09092021UITests.swift in Sources */ = {isa = PBXBuildFile; fileRef = 3D54045E26EACC4F008EF665 /* practia09092021UITests.swift */; };
/* End PBXBuildFile section */

/* Begin PBXContainerItemProxy section */
		3D54045026EACC4F008EF665 /* PBXContainerItemProxy */ = {
			isa = PBXContainerItemProxy;
			containerPortal = 3D54043326EACC4D008EF665 /* Project object */;
			proxyType = 1;
			remoteGlobalIDString = 3D54043A26EACC4D008EF665;
			remoteInfo = practia09092021;
		};
		3D54045B26EACC4F008EF665 /* PBXContainerItemProxy */ = {
			isa = PBXContainerItemProxy;
			containerPortal = 3D54043326EACC4D008EF665 /* Project object */;
			proxyType = 1;
			remoteGlobalIDString = 3D54043A26EACC4D008EF665;
			remoteInfo = practia09092021;
		};
/* End PBXContainerItemProxy section */

/* Begin PBXFileReference section */
		3D54043B26EACC4D008EF665 /* practia09092021.app */ = {isa = PBXFileReference; explicitFileType = wrapper.application; includeInIndex = 0; path = practia09092021.app; sourceTree = BUILT_PRODUCTS_DIR; };
		3D54043E26EACC4D008EF665 /* AppDelegate.swift */ = {isa = PBXFileReference; lastKnownFileType = sourcecode.swift; path = AppDelegate.swift; sourceTree = "<group>"; };
		3D54044026EACC4D008EF665 /* ViewController.swift */ = {isa = PBXFileReference; lastKnownFileType = sourcecode.swift; path = ViewController.swift; sourceTree = "<group>"; };
		3D54044326EACC4D008EF665 /* Base */ = {isa = PBXFileReference; lastKnownFileType = file.storyboard; name = Base; path = Base.lproj/Main.storyboard; sourceTree = "<group>"; };
		3D54044526EACC4F008EF665 /* Assets.xcassets */ = {isa = PBXFileReference; lastKnownFileType = folder.assetcatalog; path = Assets.xcassets; sourceTree = "<group>"; };
		3D54044826EACC4F008EF665 /* Base */ = {isa = PBXFileReference; lastKnownFileType = file.storyboard; name = Base; path = Base.lproj/LaunchScreen.storyboard; sourceTree = "<group>"; };
		3D54044A26EACC4F008EF665 /* Info.plist */ = {isa = PBXFileReference; lastKnownFileType = text.plist.xml; path = Info.plist; sourceTree = "<group>"; };
		3D54044F26EACC4F008EF665 /* practia09092021Tests.xctest */ = {isa = PBXFileReference; explicitFileType = wrapper.cfbundle; includeInIndex = 0; path = practia09092021Tests.xctest; sourceTree = BUILT_PRODUCTS_DIR; };
		3D54045326EACC4F008EF665 /* practia09092021Tests.swift */ = {isa = PBXFileReference; lastKnownFileType = sourcecode.swift; path = practia09092021Tests.swift; sourceTree = "<group>"; };
		3D54045526EACC4F008EF665 /* Info.plist */ = {isa = PBXFileReference; lastKnownFileType = text.plist.xml; path = Info.plist; sourceTree = "<group>"; };
		3D54045A26EACC4F008EF665 /* practia09092021UITests.xctest */ = {isa = PBXFileReference; explicitFileType = wrapper.cfbundle; includeInIndex = 0; path = practia09092021UITests.xctest; sourceTree = BUILT_PRODUCTS_DIR; };
		3D54045E26EACC4F008EF665 /* practia09092021UITests.swift */ = {isa = PBXFileReference; lastKnownFileType = sourcecode.swift; path = practia09092021UITests.swift; sourceTree = "<group>"; };
		3D54046026EACC4F008EF665 /* Info.plist */ = {isa = PBXFileReference; lastKnownFileType = text.plist.xml; path = Info.plist; sourceTree = "<group>"; };
/* End PBXFileReference section */

/* Begin PBXFrameworksBuildPhase section */
		3D54043826EACC4D008EF665 /* Frameworks */ = {
			isa = PBXFrameworksBuildPhase;
			buildActionMask = 2147483647;
			files = (
			);
			runOnlyForDeploymentPostprocessing = 0;
		};
		3D54044C26EACC4F008EF665 /* Frameworks */ = {
			isa = PBXFrameworksBuildPhase;
			buildActionMask = 2147483647;
			files = (
			);
			runOnlyForDeploymentPostprocessing = 0;
		};
		3D54045726EACC4F008EF665 /* Frameworks */ = {
			isa = PBXFrameworksBuildPhase;
			buildActionMask = 2147483647;
			files = (
			);
			runOnlyForDeploymentPostprocessing = 0;
		};
/* End PBXFrameworksBuildPhase section */

/* Begin PBXGroup section */
		3D54043226EACC4D008EF665 = {
			isa = PBXGroup;
			children = (
				3D54043D26EACC4D008EF665 /* practia09092021 */,
				3D54045226EACC4F008EF665 /* practia09092021Tests */,
				3D54045D26EACC4F008EF665 /* practia09092021UITests */,
				3D54043C26EACC4D008EF665 /* Products */,
			);
			sourceTree = "<group>";
		};
		3D54043C26EACC4D008EF665 /* Products */ = {
			isa = PBXGroup;
			children = (
				3D54043B26EACC4D008EF665 /* practia09092021.app */,
				3D54044F26EACC4F008EF665 /* practia09092021Tests.xctest */,
				3D54045A26EACC4F008EF665 /* practia09092021UITests.xctest */,
			);
			name = Products;
			sourceTree = "<group>";
		};
		3D54043D26EACC4D008EF665 /* practia09092021 */ = {
			isa = PBXGroup;
			children = (
				3D54043E26EACC4D008EF665 /* AppDelegate.swift */,
				3D54044026EACC4D008EF665 /* ViewController.swift */,
				3D54044226EACC4D008EF665 /* Main.storyboard */,
				3D54044526EACC4F008EF665 /* Assets.xcassets */,
				3D54044726EACC4F008EF665 /* LaunchScreen.storyboard */,
				3D54044A26EACC4F008EF665 /* Info.plist */,
			);
			path = practia09092021;
			sourceTree = "<group>";
		};
		3D54045226EACC4F008EF665 /* practia09092021Tests */ = {
			isa = PBXGroup;
			children = (
				3D54045326EACC4F008EF665 /* practia09092021Tests.swift */,
				3D54045526EACC4F008EF665 /* Info.plist */,
			);
			path = practia09092021Tests;
			sourceTree = "<group>";
		};
		3D54045D26EACC4F008EF665 /* practia09092021UITests */ = {
			isa = PBXGroup;
			children = (
				3D54045E26EACC4F008EF665 /* practia09092021UITests.swift */,
				3D54046026EACC4F008EF665 /* Info.plist */,
			);
			path = practia09092021UITests;
			sourceTree = "<group>";
		};
/* End PBXGroup section */

/* Begin PBXNativeTarget section */
		3D54043A26EACC4D008EF665 /* practia09092021 */ = {
			isa = PBXNativeTarget;
			buildConfigurationList = 3D54046326EACC4F008EF665 /* Build configuration list for PBXNativeTarget "practia09092021" */;
			buildPhases = (
				3D54043726EACC4D008EF665 /* Sources */,
				3D54043826EACC4D008EF665 /* Frameworks */,
				3D54043926EACC4D008EF665 /* Resources */,
			);
			buildRules = (
			);
			dependencies = (
			);
			name = practia09092021;
			productName = practia09092021;
			productReference = 3D54043B26EACC4D008EF665 /* practia09092021.app */;
			productType = "com.apple.product-type.application";
		};
		3D54044E26EACC4F008EF665 /* practia09092021Tests */ = {
			isa = PBXNativeTarget;
			buildConfigurationList = 3D54046626EACC4F008EF665 /* Build configuration list for PBXNativeTarget "practia09092021Tests" */;
			buildPhases = (
				3D54044B26EACC4F008EF665 /* Sources */,
				3D54044C26EACC4F008EF665 /* Frameworks */,
				3D54044D26EACC4F008EF665 /* Resources */,
			);
			buildRules = (
			);
			dependencies = (
				3D54045126EACC4F008EF665 /* PBXTargetDependency */,
			);
			name = practia09092021Tests;
			productName = practia09092021Tests;
			productReference = 3D54044F26EACC4F008EF665 /* practia09092021Tests.xctest */;
			productType = "com.apple.product-type.bundle.unit-test";
		};
		3D54045926EACC4F008EF665 /* practia09092021UITests */ = {
			isa = PBXNativeTarget;
			buildConfigurationList = 3D54046926EACC4F008EF665 /* Build configuration list for PBXNativeTarget "practia09092021UITests" */;
			buildPhases = (
				3D54045626EACC4F008EF665 /* Sources */,
				3D54045726EACC4F008EF665 /* Frameworks */,
				3D54045826EACC4F008EF665 /* Resources */,
			);
			buildRules = (
			);
			dependencies = (
				3D54045C26EACC4F008EF665 /* PBXTargetDependency */,
			);
			name = practia09092021UITests;
			productName = practia09092021UITests;
			productReference = 3D54045A26EACC4F008EF665 /* practia09092021UITests.xctest */;
			productType = "com.apple.product-type.bundle.ui-testing";
		};
/* End PBXNativeTarget section */

/* Begin PBXProject section */
		3D54043326EACC4D008EF665 /* Project object */ = {
			isa = PBXProject;
			attributes = {
				LastSwiftUpdateCheck = 1030;
				LastUpgradeCheck = 1030;
				ORGANIZATIONNAME = Alumno;
				TargetAttributes = {
					3D54043A26EACC4D008EF665 = {
						CreatedOnToolsVersion = 10.3;
					};
					3D54044E26EACC4F008EF665 = {
						CreatedOnToolsVersion = 10.3;
						TestTargetID = 3D54043A26EACC4D008EF665;
					};
					3D54045926EACC4F008EF665 = {
						CreatedOnToolsVersion = 10.3;
						TestTargetID = 3D54043A26EACC4D008EF665;
					};
				};
			};
			buildConfigurationList = 3D54043626EACC4D008EF665 /* Build configuration list for PBXProject "practia09092021" */;
			compatibilityVersion = "Xcode 9.3";
			developmentRegion = en;
			hasScannedForEncodings = 0;
			knownRegions = (
				en,
				Base,
			);
			mainGroup = 3D54043226EACC4D008EF665;
			productRefGroup = 3D54043C26EACC4D008EF665 /* Products */;
			projectDirPath = "";
			projectRoot = "";
			targets = (
				3D54043A26EACC4D008EF665 /* practia09092021 */,
				3D54044E26EACC4F008EF665 /* practia09092021Tests */,
				3D54045926EACC4F008EF665 /* practia09092021UITests */,
			);
		};
/* End PBXProject section */

/* Begin PBXResourcesBuildPhase section */
		3D54043926EACC4D008EF665 /* Resources */ = {
			isa = PBXResourcesBuildPhase;
			buildActionMask = 2147483647;
			files = (
				3D54044926EACC4F008EF665 /* LaunchScreen.storyboard in Resources */,
				3D54044626EACC4F008EF665 /* Assets.xcassets in Resources */,
				3D54044426EACC4D008EF665 /* Main.storyboard in Resources */,
			);
			runOnlyForDeploymentPostprocessing = 0;
		};
		3D54044D26EACC4F008EF665 /* Resources */ = {
			isa = PBXResourcesBuildPhase;
			buildActionMask = 2147483647;
			files = (
			);
			runOnlyForDeploymentPostprocessing = 0;
		};
		3D54045826EACC4F008EF665 /* Resources */ = {
			isa = PBXResourcesBuildPhase;
			buildActionMask = 2147483647;
			files = (
			);
			runOnlyForDeploymentPostprocessing = 0;
		};
/* End PBXResourcesBuildPhase section */

/* Begin PBXSourcesBuildPhase section */
		3D54043726EACC4D008EF665 /* Sources */ = {
			isa = PBXSourcesBuildPhase;
			buildActionMask = 2147483647;
			files = (
				3D54044126EACC4D008EF665 /* ViewController.swift in Sources */,
				3D54043F26EACC4D008EF665 /* AppDelegate.swift in Sources */,
			);
			runOnlyForDeploymentPostprocessing = 0;
		};
		3D54044B26EACC4F008EF665 /* Sources */ = {
			isa = PBXSourcesBuildPhase;
			buildActionMask = 2147483647;
			files = (
				3D54045426EACC4F008EF665 /* practia09092021Tests.swift in Sources */,
			);
			runOnlyForDeploymentPostprocessing = 0;
		};
		3D54045626EACC4F008EF665 /* Sources */ = {
			isa = PBXSourcesBuildPhase;
			buildActionMask = 2147483647;
			files = (
				3D54045F26EACC4F008EF665 /* practia09092021UITests.swift in Sources */,
			);
			runOnlyForDeploymentPostprocessing = 0;
		};
/* End PBXSourcesBuildPhase section */

/* Begin PBXTargetDependency section */
		3D54045126EACC4F008EF665 /* PBXTargetDependency */ = {
			isa = PBXTargetDependency;
			target = 3D54043A26EACC4D008EF665 /* practia09092021 */;
			targetProxy = 3D54045026EACC4F008EF665 /* PBXContainerItemProxy */;
		};
		3D54045C26EACC4F008EF665 /* PBXTargetDependency */ = {
			isa = PBXTargetDependency;
			target = 3D54043A26EACC4D008EF665 /* practia09092021 */;
			targetProxy = 3D54045B26EACC4F008EF665 /* PBXContainerItemProxy */;
		};
/* End PBXTargetDependency section */

/* Begin PBXVariantGroup section */
		3D54044226EACC4D008EF665 /* Main.storyboard */ = {
			isa = PBXVariantGroup;
			children = (
				3D54044326EACC4D008EF665 /* Base */,
			);
			name = Main.storyboard;
			sourceTree = "<group>";
		};
		3D54044726EACC4F008EF665 /* LaunchScreen.storyboard */ = {
			isa = PBXVariantGroup;
			children = (
				3D54044826EACC4F008EF665 /* Base */,
			);
			name = LaunchScreen.storyboard;
			sourceTree = "<group>";
		};
/* End PBXVariantGroup section */

/* Begin XCBuildConfiguration section */
		3D54046126EACC4F008EF665 /* Debug */ = {
			isa = XCBuildConfiguration;
			buildSettings = {
				ALWAYS_SEARCH_USER_PATHS = NO;
				CLANG_ANALYZER_NONNULL = YES;
				CLANG_ANALYZER_NUMBER_OBJECT_CONVERSION = YES_AGGRESSIVE;
				CLANG_CXX_LANGUAGE_STANDARD = "gnu++14";
				CLANG_CXX_LIBRARY = "libc++";
				CLANG_ENABLE_MODULES = YES;
				CLANG_ENABLE_OBJC_ARC = YES;
				CLANG_ENABLE_OBJC_WEAK = YES;
				CLANG_WARN_BLOCK_CAPTURE_AUTORELEASING = YES;
				CLANG_WARN_BOOL_CONVERSION = YES;
				CLANG_WARN_COMMA = YES;
				CLANG_WARN_CONSTANT_CONVERSION = YES;
				CLANG_WARN_DEPRECATED_OBJC_IMPLEMENTATIONS = YES;
				CLANG_WARN_DIRECT_OBJC_ISA_USAGE = YES_ERROR;
				CLANG_WARN_DOCUMENTATION_COMMENTS = YES;
				CLANG_WARN_EMPTY_BODY = YES;
				CLANG_WARN_ENUM_CONVERSION = YES;
				CLANG_WARN_INFINITE_RECURSION = YES;
				CLANG_WARN_INT_CONVERSION = YES;
				CLANG_WARN_NON_LITERAL_NULL_CONVERSION = YES;
				CLANG_WARN_OBJC_IMPLICIT_RETAIN_SELF = YES;
				CLANG_WARN_OBJC_LITERAL_CONVERSION = YES;
				CLANG_WARN_OBJC_ROOT_CLASS = YES_ERROR;
				CLANG_WARN_RANGE_LOOP_ANALYSIS = YES;
				CLANG_WARN_STRICT_PROTOTYPES = YES;
				CLANG_WARN_SUSPICIOUS_MOVE = YES;
				CLANG_WARN_UNGUARDED_AVAILABILITY = YES_AGGRESSIVE;
				CLANG_WARN_UNREACHABLE_CODE = YES;
				CLANG_WARN__DUPLICATE_METHOD_MATCH = YES;
				CODE_SIGN_IDENTITY = "iPhone Developer";
				COPY_PHASE_STRIP = NO;
				DEBUG_INFORMATION_FORMAT = dwarf;
				ENABLE_STRICT_OBJC_MSGSEND = YES;
				ENABLE_TESTABILITY = YES;
				GCC_C_LANGUAGE_STANDARD = gnu11;
				GCC_DYNAMIC_NO_PIC = NO;
				GCC_NO_COMMON_BLOCKS = YES;
				GCC_OPTIMIZATION_LEVEL = 0;
				GCC_PREPROCESSOR_DEFINITIONS = (
					"DEBUG=1",
					"$(inherited)",
				);
				GCC_WARN_64_TO_32_BIT_CONVERSION = YES;
				GCC_WARN_ABOUT_RETURN_TYPE = YES_ERROR;
				GCC_WARN_UNDECLARED_SELECTOR = YES;
				GCC_WARN_UNINITIALIZED_AUTOS = YES_AGGRESSIVE;
				GCC_WARN_UNUSED_FUNCTION = YES;
				GCC_WARN_UNUSED_VARIABLE = YES;
				IPHONEOS_DEPLOYMENT_TARGET = 12.4;
				MTL_ENABLE_DEBUG_INFO = INCLUDE_SOURCE;
				MTL_FAST_MATH = YES;
				ONLY_ACTIVE_ARCH = YES;
				SDKROOT = iphoneos;
				SWIFT_ACTIVE_COMPILATION_CONDITIONS = DEBUG;
				SWIFT_OPTIMIZATION_LEVEL = "-Onone";
			};
			name = Debug;
		};
		3D54046226EACC4F008EF665 /* Release */ = {
			isa = XCBuildConfiguration;
			buildSettings = {
				ALWAYS_SEARCH_USER_PATHS = NO;
				CLANG_ANALYZER_NONNULL = YES;
				CLANG_ANALYZER_NUMBER_OBJECT_CONVERSION = YES_AGGRESSIVE;
				CLANG_CXX_LANGUAGE_STANDARD = "gnu++14";
				CLANG_CXX_LIBRARY = "libc++";
				CLANG_ENABLE_MODULES = YES;
				CLANG_ENABLE_OBJC_ARC = YES;
				CLANG_ENABLE_OBJC_WEAK = YES;
				CLANG_WARN_BLOCK_CAPTURE_AUTORELEASING = YES;
				CLANG_WARN_BOOL_CONVERSION = YES;
				CLANG_WARN_COMMA = YES;
				CLANG_WARN_CONSTANT_CONVERSION = YES;
				CLANG_WARN_DEPRECATED_OBJC_IMPLEMENTATIONS = YES;
				CLANG_WARN_DIRECT_OBJC_ISA_USAGE = YES_ERROR;
				CLANG_WARN_DOCUMENTATION_COMMENTS = YES;
				CLANG_WARN_EMPTY_BODY = YES;
				CLANG_WARN_ENUM_CONVERSION = YES;
				CLANG_WARN_INFINITE_RECURSION = YES;
				CLANG_WARN_INT_CONVERSION = YES;
				CLANG_WARN_NON_LITERAL_NULL_CONVERSION = YES;
				CLANG_WARN_OBJC_IMPLICIT_RETAIN_SELF = YES;
				CLANG_WARN_OBJC_LITERAL_CONVERSION = YES;
				CLANG_WARN_OBJC_ROOT_CLASS = YES_ERROR;
				CLANG_WARN_RANGE_LOOP_ANALYSIS = YES;
				CLANG_WARN_STRICT_PROTOTYPES = YES;
				CLANG_WARN_SUSPICIOUS_MOVE = YES;
				CLANG_WARN_UNGUARDED_AVAILABILITY = YES_AGGRESSIVE;
				CLANG_WARN_UNREACHABLE_CODE = YES;
				CLANG_WARN__DUPLICATE_METHOD_MATCH = YES;
				CODE_SIGN_IDENTITY = "iPhone Developer";
				COPY_PHASE_STRIP = NO;
				DEBUG_INFORMATION_FORMAT = "dwarf-with-dsym";
				ENABLE_NS_ASSERTIONS = NO;
				ENABLE_STRICT_OBJC_MSGSEND = YES;
				GCC_C_LANGUAGE_STANDARD = gnu11;
				GCC_NO_COMMON_BLOCKS = YES;
				GCC_WARN_64_TO_32_BIT_CONVERSION = YES;
				GCC_WARN_ABOUT_RETURN_TYPE = YES_ERROR;
				GCC_WARN_UNDECLARED_SELECTOR = YES;
				GCC_WARN_UNINITIALIZED_AUTOS = YES_AGGRESSIVE;
				GCC_WARN_UNUSED_FUNCTION = YES;
				GCC_WARN_UNUSED_VARIABLE = YES;
				IPHONEOS_DEPLOYMENT_TARGET = 12.4;
				MTL_ENABLE_DEBUG_INFO = NO;
				MTL_FAST_MATH = YES;
				SDKROOT = iphoneos;
				SWIFT_COMPILATION_MODE = wholemodule;
				SWIFT_OPTIMIZATION_LEVEL = "-O";
				VALIDATE_PRODUCT = YES;
			};
			name = Release;
		};
		3D54046426EACC4F008EF665 /* Debug */ = {
			isa = XCBuildConfiguration;
			buildSettings = {
				ASSETCATALOG_COMPILER_APPICON_NAME = AppIcon;
				CODE_SIGN_STYLE = Automatic;
				INFOPLIST_FILE = practia09092021/Info.plist;
				LD_RUNPATH_SEARCH_PATHS = (
					"$(inherited)",
					"@executable_path/Frameworks",
				);
				PRODUCT_BUNDLE_IDENTIFIER = edu.ulsa.practia09092021;
				PRODUCT_NAME = "$(TARGET_NAME)";
				SWIFT_VERSION = 5.0;
				TARGETED_DEVICE_FAMILY = "1,2";
			};
			name = Debug;
		};
		3D54046526EACC4F008EF665 /* Release */ = {
			isa = XCBuildConfiguration;
			buildSettings = {
				ASSETCATALOG_COMPILER_APPICON_NAME = AppIcon;
				CODE_SIGN_STYLE = Automatic;
				INFOPLIST_FILE = practia09092021/Info.plist;
				LD_RUNPATH_SEARCH_PATHS = (
					"$(inherited)",
					"@executable_path/Frameworks",
				);
				PRODUCT_BUNDLE_IDENTIFIER = edu.ulsa.practia09092021;
				PRODUCT_NAME = "$(TARGET_NAME)";
				SWIFT_VERSION = 5.0;
				TARGETED_DEVICE_FAMILY = "1,2";
			};
			name = Release;
		};
		3D54046726EACC4F008EF665 /* Debug */ = {
			isa = XCBuildConfiguration;
			buildSettings = {
				ALWAYS_EMBED_SWIFT_STANDARD_LIBRARIES = YES;
				BUNDLE_LOADER = "$(TEST_HOST)";
				CODE_SIGN_STYLE = Automatic;
				INFOPLIST_FILE = practia09092021Tests/Info.plist;
				LD_RUNPATH_SEARCH_PATHS = (
					"$(inherited)",
					"@executable_path/Frameworks",
					"@loader_path/Frameworks",
				);
				PRODUCT_BUNDLE_IDENTIFIER = edu.ulsa.practia09092021Tests;
				PRODUCT_NAME = "$(TARGET_NAME)";
				SWIFT_VERSION = 5.0;
				TARGETED_DEVICE_FAMILY = "1,2";
				TEST_HOST = "$(BUILT_PRODUCTS_DIR)/practia09092021.app/practia09092021";
			};
			name = Debug;
		};
		3D54046826EACC4F008EF665 /* Release */ = {
			isa = XCBuildConfiguration;
			buildSettings = {
				ALWAYS_EMBED_SWIFT_STANDARD_LIBRARIES = YES;
				BUNDLE_LOADER = "$(TEST_HOST)";
				CODE_SIGN_STYLE = Automatic;
				INFOPLIST_FILE = practia09092021Tests/Info.plist;
				LD_RUNPATH_SEARCH_PATHS = (
					"$(inherited)",
					"@executable_path/Frameworks",
					"@loader_path/Frameworks",
				);
				PRODUCT_BUNDLE_IDENTIFIER = edu.ulsa.practia09092021Tests;
				PRODUCT_NAME = "$(TARGET_NAME)";
				SWIFT_VERSION = 5.0;
				TARGETED_DEVICE_FAMILY = "1,2";
				TEST_HOST = "$(BUILT_PRODUCTS_DIR)/practia09092021.app/practia09092021";
			};
			name = Release;
		};
		3D54046A26EACC4F008EF665 /* Debug */ = {
			isa = XCBuildConfiguration;
			buildSettings = {
				ALWAYS_EMBED_SWIFT_STANDARD_LIBRARIES = YES;
				CODE_SIGN_STYLE = Automatic;
				INFOPLIST_FILE = practia09092021UITests/Info.plist;
				LD_RUNPATH_SEARCH_PATHS = (
					"$(inherited)",
					"@executable_path/Frameworks",
					"@loader_path/Frameworks",
				);
				PRODUCT_BUNDLE_IDENTIFIER = edu.ulsa.practia09092021UITests;
				PRODUCT_NAME = "$(TARGET_NAME)";
				SWIFT_VERSION = 5.0;
				TARGETED_DEVICE_FAMILY = "1,2";
				TEST_TARGET_NAME = practia09092021;
			};
			name = Debug;
		};
		3D54046B26EACC4F008EF665 /* Release */ = {
			isa = XCBuildConfiguration;
			buildSettings = {
				ALWAYS_EMBED_SWIFT_STANDARD_LIBRARIES = YES;
				CODE_SIGN_STYLE = Automatic;
				INFOPLIST_FILE = practia09092021UITests/Info.plist;
				LD_RUNPATH_SEARCH_PATHS = (
					"$(inherited)",
					"@executable_path/Frameworks",
					"@loader_path/Frameworks",
				);
				PRODUCT_BUNDLE_IDENTIFIER = edu.ulsa.practia09092021UITests;
				PRODUCT_NAME = "$(TARGET_NAME)";
				SWIFT_VERSION = 5.0;
				TARGETED_DEVICE_FAMILY = "1,2";
				TEST_TARGET_NAME = practia09092021;
			};
			name = Release;
		};
/* End XCBuildConfiguration section */

/* Begin XCConfigurationList section */
		3D54043626EACC4D008EF665 /* Build configuration list for PBXProject "practia09092021" */ = {
			isa = XCConfigurationList;
			buildConfigurations = (
				3D54046126EACC4F008EF665 /* Debug */,
				3D54046226EACC4F008EF665 /* Release */,
			);
			defaultConfigurationIsVisible = 0;
			defaultConfigurationName = Release;
		};
		3D54046326EACC4F008EF665 /* Build configuration list for PBXNativeTarget "practia09092021" */ = {
			isa = XCConfigurationList;
			buildConfigurations = (
				3D54046426EACC4F008EF665 /* Debug */,
				3D54046526EACC4F008EF665 /* Release */,
			);
			defaultConfigurationIsVisible = 0;
			defaultConfigurationName = Release;
		};
		3D54046626EACC4F008EF665 /* Build configuration list for PBXNativeTarget "practia09092021Tests" */ = {
			isa = XCConfigurationList;
			buildConfigurations = (
				3D54046726EACC4F008EF665 /* Debug */,
				3D54046826EACC4F008EF665 /* Release */,
			);
			defaultConfigurationIsVisible = 0;
			defaultConfigurationName = Release;
		};
		3D54046926EACC4F008EF665 /* Build configuration list for PBXNativeTarget "practia09092021UITests" */ = {
			isa = XCConfigurationList;
			buildConfigurations = (
				3D54046A26EACC4F008EF665 /* Debug */,
				3D54046B26EACC4F008EF665 /* Release */,
			);
			defaultConfigurationIsVisible = 0;
			defaultConfigurationName = Release;
		};
/* End XCConfigurationList section */
	};
	rootObject = 3D54043326EACC4D008EF665 /* Project object */;
}
